{
  "originHash" : "7b858398946ec418544fea2c6aae2fa322d7ba7160e1d6dc472b351f1221cd84",
  "pins" : [
    {
      "identity" : "heightmap",
      "kind" : "remoteSourceControl",
      "location" : "https://github.com/heckj/Heightmap",
      "state" : {
        "revision" : "b3e32343bcb9d78f31f3fa45084dda4be6062aa1",
        "version" : "0.6.2"
      }
    },
    {
      "identity" : "swift-docc-plugin",
      "kind" : "remoteSourceControl",
      "location" : "https://github.com/swiftlang/swift-docc-plugin",
      "state" : {
        "revision" : "85e4bb4e1cd62cec64a4b8e769dcefdf0c5b9d64",
        "version" : "1.4.3"
      }
    },
    {
      "identity" : "swift-docc-symbolkit",
      "kind" : "remoteSourceControl",
      "location" : "https://github.com/swiftlang/swift-docc-symbolkit",
      "state" : {
        "revision" : "b45d1f2ed151d057b54504d653e0da5552844e34",
        "version" : "1.0.0"
      }
    },
    {
      "identity" : "swift-issue-reporting",
      "kind" : "remoteSourceControl",
      "location" : "https://github.com/pointfreeco/swift-issue-reporting",
      "state" : {
        "revision" : "770f990d3e4eececb57ac04a6076e22f8c97daeb",
        "version" : "1.4.2"
      }
    },
    {
      "identity" : "voxels",
      "kind" : "remoteSourceControl",
      "location" : "https://github.com/heckj/voxels",
      "state" : {
        "revision" : "cb63cc861560d8f63aef0a79a3e83c48d2e5b5e1",
        "version" : "0.2.2"
      }
    }
  ],
  "version" : 3
}
